
Microsoft Visual Studio Solution File, Format Version 12.00
# Visual Studio Version 17
VisualStudioVersion = 17.0.31919.166
MinimumVisualStudioVersion = 10.0.40219.1
Project("{9092AA53-FB77-4645-B42D-1CCCA6BD08BD}") = "Assignment1_MichaelWoloszyn", "Assignment1_MichaelWoloszyn\Assignment1_MichaelWoloszyn.njsproj", "{83B02CC0-2950-4291-8C06-B14DD2E6AF40}"
EndProject
Global
	GlobalSection(SolutionConfigurationPlatforms) = preSolution
		Debug|Any CPU = Debug|Any CPU
		Release|Any CPU = Release|Any CPU
	EndGlobalSection
	GlobalSection(ProjectConfigurationPlatforms) = postSolution
		{83B02CC0-2950-4291-8C06-B14DD2E6AF40}.Debug|Any CPU.ActiveCfg = Debug|Any CPU
		{83B02CC0-2950-4291-8C06-B14DD2E6AF40}.Debug|Any CPU.Build.0 = Debug|Any CPU
		{83B02CC0-2950-4291-8C06-B14DD2E6AF40}.Release|Any CPU.ActiveCfg = Release|Any CPU
		{83B02CC0-2950-4291-8C06-B14DD2E6AF40}.Release|Any CPU.Build.0 = Release|Any CPU
	EndGlobalSection
	GlobalSection(SolutionProperties) = preSolution
		HideSolutionNode = FALSE
	EndGlobalSection
	GlobalSection(ExtensibilityGlobals) = postSolution
		SolutionGuid = {E8F93AF1-116D-402F-969D-B0B545CECF69}
	EndGlobalSection
EndGlobal
